// !$*UTF8*$!
{
	archiveVersion = 1;
	classes = {
	};
	objectVersion = 50;
	objects = {

/* Begin PBXBuildFile section */
		255DDEE0252485FC00EF9DB7 /* AppDelegate.swift in Sources */ = {isa = PBXBuildFile; fileRef = 255DDEDF252485FC00EF9DB7 /* AppDelegate.swift */; };
		255DDEE92524860200EF9DB7 /* Assets.xcassets in Resources */ = {isa = PBXBuildFile; fileRef = 255DDEE82524860200EF9DB7 /* Assets.xcassets */; };
		255DDEEC2524860200EF9DB7 /* LaunchScreen.storyboard in Resources */ = {isa = PBXBuildFile; fileRef = 255DDEEA2524860200EF9DB7 /* LaunchScreen.storyboard */; };
		255DDEF925248C0500EF9DB7 /* Navigation.swift in Sources */ = {isa = PBXBuildFile; fileRef = 255DDEF825248C0500EF9DB7 /* Navigation.swift */; };
		255DDEFC25248C3D00EF9DB7 /* TabMenu.swift in Sources */ = {isa = PBXBuildFile; fileRef = 255DDEFB25248C3D00EF9DB7 /* TabMenu.swift */; };
		255DDEFE25248E5900EF9DB7 /* Colors.swift in Sources */ = {isa = PBXBuildFile; fileRef = 255DDEFD25248E5900EF9DB7 /* Colors.swift */; };
		255DDF0025248ECE00EF9DB7 /* String+Extensions.swift in Sources */ = {isa = PBXBuildFile; fileRef = 255DDEFF25248ECE00EF9DB7 /* String+Extensions.swift */; };
		255DDF022524903000EF9DB7 /* Menu.swift in Sources */ = {isa = PBXBuildFile; fileRef = 255DDF012524903000EF9DB7 /* Menu.swift */; };
		255DDF09252497A500EF9DB7 /* TabMenuItem.swift in Sources */ = {isa = PBXBuildFile; fileRef = 255DDF08252497A500EF9DB7 /* TabMenuItem.swift */; };
		255DDF0B2524AE5100EF9DB7 /* SearchViewController.swift in Sources */ = {isa = PBXBuildFile; fileRef = 255DDF0A2524AE5100EF9DB7 /* SearchViewController.swift */; };
		255DDF0D2524AE8C00EF9DB7 /* UIViewController+Extensions.swift in Sources */ = {isa = PBXBuildFile; fileRef = 255DDF0C2524AE8C00EF9DB7 /* UIViewController+Extensions.swift */; };
		255DDF0F2524B01B00EF9DB7 /* HomeViewController.swift in Sources */ = {isa = PBXBuildFile; fileRef = 255DDF0E2524B01B00EF9DB7 /* HomeViewController.swift */; };
		255DDF112524B0A200EF9DB7 /* DiscoverViewController.swift in Sources */ = {isa = PBXBuildFile; fileRef = 255DDF102524B0A200EF9DB7 /* DiscoverViewController.swift */; };
		255DDF132524B0CB00EF9DB7 /* ConnectViewController.swift in Sources */ = {isa = PBXBuildFile; fileRef = 255DDF122524B0CB00EF9DB7 /* ConnectViewController.swift */; };
		255DDF152524B12000EF9DB7 /* MyMusicViewController.swift in Sources */ = {isa = PBXBuildFile; fileRef = 255DDF142524B12000EF9DB7 /* MyMusicViewController.swift */; };
		255DDF172524B6BD00EF9DB7 /* UIView+Extensions.swift in Sources */ = {isa = PBXBuildFile; fileRef = 255DDF162524B6BD00EF9DB7 /* UIView+Extensions.swift */; };
		255DDF192524BCEB00EF9DB7 /* UIImage+Extensions.swift in Sources */ = {isa = PBXBuildFile; fileRef = 255DDF182524BCEB00EF9DB7 /* UIImage+Extensions.swift */; };
		255DDF1C2524BFCC00EF9DB7 /* Roboto-Regular.ttf in Resources */ = {isa = PBXBuildFile; fileRef = 255DDF1B2524BFCC00EF9DB7 /* Roboto-Regular.ttf */; };
/* End PBXBuildFile section */

/* Begin PBXFileReference section */
		255DDEDC252485FC00EF9DB7 /* streaming.app */ = {isa = PBXFileReference; explicitFileType = wrapper.application; includeInIndex = 0; path = streaming.app; sourceTree = BUILT_PRODUCTS_DIR; };
		255DDEDF252485FC00EF9DB7 /* AppDelegate.swift */ = {isa = PBXFileReference; lastKnownFileType = sourcecode.swift; path = AppDelegate.swift; sourceTree = "<group>"; };
		255DDEE82524860200EF9DB7 /* Assets.xcassets */ = {isa = PBXFileReference; lastKnownFileType = folder.assetcatalog; path = Assets.xcassets; sourceTree = "<group>"; };
		255DDEEB2524860200EF9DB7 /* Base */ = {isa = PBXFileReference; lastKnownFileType = file.storyboard; name = Base; path = Base.lproj/LaunchScreen.storyboard; sourceTree = "<group>"; };
		255DDEED2524860200EF9DB7 /* Info.plist */ = {isa = PBXFileReference; lastKnownFileType = text.plist.xml; path = Info.plist; sourceTree = "<group>"; };
		255DDEF825248C0500EF9DB7 /* Navigation.swift */ = {isa = PBXFileReference; lastKnownFileType = sourcecode.swift; path = Navigation.swift; sourceTree = "<group>"; };
		255DDEFB25248C3D00EF9DB7 /* TabMenu.swift */ = {isa = PBXFileReference; lastKnownFileType = sourcecode.swift; path = TabMenu.swift; sourceTree = "<group>"; };
		255DDEFD25248E5900EF9DB7 /* Colors.swift */ = {isa = PBXFileReference; lastKnownFileType = sourcecode.swift; path = Colors.swift; sourceTree = "<group>"; };
		255DDEFF25248ECE00EF9DB7 /* String+Extensions.swift */ = {isa = PBXFileReference; lastKnownFileType = sourcecode.swift; path = "String+Extensions.swift"; sourceTree = "<group>"; };
		255DDF012524903000EF9DB7 /* Menu.swift */ = {isa = PBXFileReference; lastKnownFileType = sourcecode.swift; path = Menu.swift; sourceTree = "<group>"; };
		255DDF08252497A500EF9DB7 /* TabMenuItem.swift */ = {isa = PBXFileReference; lastKnownFileType = sourcecode.swift; path = TabMenuItem.swift; sourceTree = "<group>"; };
		255DDF0A2524AE5100EF9DB7 /* SearchViewController.swift */ = {isa = PBXFileReference; lastKnownFileType = sourcecode.swift; path = SearchViewController.swift; sourceTree = "<group>"; };
		255DDF0C2524AE8C00EF9DB7 /* UIViewController+Extensions.swift */ = {isa = PBXFileReference; lastKnownFileType = sourcecode.swift; path = "UIViewController+Extensions.swift"; sourceTree = "<group>"; };
		255DDF0E2524B01B00EF9DB7 /* HomeViewController.swift */ = {isa = PBXFileReference; lastKnownFileType = sourcecode.swift; path = HomeViewController.swift; sourceTree = "<group>"; };
		255DDF102524B0A200EF9DB7 /* DiscoverViewController.swift */ = {isa = PBXFileReference; lastKnownFileType = sourcecode.swift; path = DiscoverViewController.swift; sourceTree = "<group>"; };
		255DDF122524B0CB00EF9DB7 /* ConnectViewController.swift */ = {isa = PBXFileReference; lastKnownFileType = sourcecode.swift; path = ConnectViewController.swift; sourceTree = "<group>"; };
		255DDF142524B12000EF9DB7 /* MyMusicViewController.swift */ = {isa = PBXFileReference; lastKnownFileType = sourcecode.swift; path = MyMusicViewController.swift; sourceTree = "<group>"; };
		255DDF162524B6BD00EF9DB7 /* UIView+Extensions.swift */ = {isa = PBXFileReference; lastKnownFileType = sourcecode.swift; path = "UIView+Extensions.swift"; sourceTree = "<group>"; };
		255DDF182524BCEB00EF9DB7 /* UIImage+Extensions.swift */ = {isa = PBXFileReference; lastKnownFileType = sourcecode.swift; path = "UIImage+Extensions.swift"; sourceTree = "<group>"; };
		255DDF1B2524BFCC00EF9DB7 /* Roboto-Regular.ttf */ = {isa = PBXFileReference; lastKnownFileType = file; path = "Roboto-Regular.ttf"; sourceTree = "<group>"; };
/* End PBXFileReference section */

/* Begin PBXFrameworksBuildPhase section */
		255DDED9252485FC00EF9DB7 /* Frameworks */ = {
			isa = PBXFrameworksBuildPhase;
			buildActionMask = 2147483647;
			files = (
			);
			runOnlyForDeploymentPostprocessing = 0;
		};
/* End PBXFrameworksBuildPhase section */

/* Begin PBXGroup section */
		255DDED3252485FC00EF9DB7 = {
			isa = PBXGroup;
			children = (
				255DDEDE252485FC00EF9DB7 /* streaming */,
				255DDEDD252485FC00EF9DB7 /* Products */,
			);
			sourceTree = "<group>";
		};
		255DDEDD252485FC00EF9DB7 /* Products */ = {
			isa = PBXGroup;
			children = (
				255DDEDC252485FC00EF9DB7 /* streaming.app */,
			);
			name = Products;
			sourceTree = "<group>";
		};
		255DDEDE252485FC00EF9DB7 /* streaming */ = {
			isa = PBXGroup;
			children = (
				255DDEDF252485FC00EF9DB7 /* AppDelegate.swift */,
				255DDEED2524860200EF9DB7 /* Info.plist */,
				255DDEF325248B0D00EF9DB7 /* DataLayer */,
				255DDEF725248B8700EF9DB7 /* PresentationLayer */,
				255DDEF425248B1500EF9DB7 /* ServiceLayer */,
				255DDEF525248B1D00EF9DB7 /* ViewLayer */,
				255DDEF625248B2600EF9DB7 /* Utils */,
				255DDEE82524860200EF9DB7 /* Assets.xcassets */,
			);
			path = streaming;
			sourceTree = "<group>";
		};
		255DDEF325248B0D00EF9DB7 /* DataLayer */ = {
			isa = PBXGroup;
			children = (
			);
			path = DataLayer;
			sourceTree = "<group>";
		};
		255DDEF425248B1500EF9DB7 /* ServiceLayer */ = {
			isa = PBXGroup;
			children = (
			);
			path = ServiceLayer;
			sourceTree = "<group>";
		};
		255DDEF525248B1D00EF9DB7 /* ViewLayer */ = {
			isa = PBXGroup;
			children = (
				255DDF072524973100EF9DB7 /* Search */,
				255DDF062524972600EF9DB7 /* Connect */,
				255DDF052524971A00EF9DB7 /* Discover */,
				255DDF042524970D00EF9DB7 /* My UduX */,
				255DDF03252496FE00EF9DB7 /* Home */,
				255DDEEA2524860200EF9DB7 /* LaunchScreen.storyboard */,
				255DDEFA25248C1A00EF9DB7 /* Nav */,
			);
			path = ViewLayer;
			sourceTree = "<group>";
		};
		255DDEF625248B2600EF9DB7 /* Utils */ = {
			isa = PBXGroup;
			children = (
				255DDF1A2524BFB500EF9DB7 /* Fonts */,
				255DDEFD25248E5900EF9DB7 /* Colors.swift */,
				255DDEFF25248ECE00EF9DB7 /* String+Extensions.swift */,
				255DDF0C2524AE8C00EF9DB7 /* UIViewController+Extensions.swift */,
				255DDF162524B6BD00EF9DB7 /* UIView+Extensions.swift */,
				255DDF182524BCEB00EF9DB7 /* UIImage+Extensions.swift */,
			);
			path = Utils;
			sourceTree = "<group>";
		};
		255DDEF725248B8700EF9DB7 /* PresentationLayer */ = {
			isa = PBXGroup;
			children = (
				255DDEF825248C0500EF9DB7 /* Navigation.swift */,
			);
			path = PresentationLayer;
			sourceTree = "<group>";
		};
		255DDEFA25248C1A00EF9DB7 /* Nav */ = {
			isa = PBXGroup;
			children = (
				255DDEFB25248C3D00EF9DB7 /* TabMenu.swift */,
				255DDF012524903000EF9DB7 /* Menu.swift */,
				255DDF08252497A500EF9DB7 /* TabMenuItem.swift */,
			);
			path = Nav;
			sourceTree = "<group>";
		};
		255DDF03252496FE00EF9DB7 /* Home */ = {
			isa = PBXGroup;
			children = (
				255DDF0E2524B01B00EF9DB7 /* HomeViewController.swift */,
			);
			path = Home;
			sourceTree = "<group>";
		};
		255DDF042524970D00EF9DB7 /* My UduX */ = {
			isa = PBXGroup;
			children = (
				255DDF142524B12000EF9DB7 /* MyMusicViewController.swift */,
			);
			path = "My UduX";
			sourceTree = "<group>";
		};
		255DDF052524971A00EF9DB7 /* Discover */ = {
			isa = PBXGroup;
			children = (
				255DDF102524B0A200EF9DB7 /* DiscoverViewController.swift */,
			);
			path = Discover;
			sourceTree = "<group>";
		};
		255DDF062524972600EF9DB7 /* Connect */ = {
			isa = PBXGroup;
			children = (
				255DDF122524B0CB00EF9DB7 /* ConnectViewController.swift */,
			);
			path = Connect;
			sourceTree = "<group>";
		};
		255DDF072524973100EF9DB7 /* Search */ = {
			isa = PBXGroup;
			children = (
				255DDF0A2524AE5100EF9DB7 /* SearchViewController.swift */,
			);
			path = Search;
			sourceTree = "<group>";
		};
		255DDF1A2524BFB500EF9DB7 /* Fonts */ = {
			isa = PBXGroup;
			children = (
				255DDF1B2524BFCC00EF9DB7 /* Roboto-Regular.ttf */,
			);
			path = Fonts;
			sourceTree = "<group>";
		};
/* End PBXGroup section */

/* Begin PBXNativeTarget section */
		255DDEDB252485FC00EF9DB7 /* streaming */ = {
			isa = PBXNativeTarget;
			buildConfigurationList = 255DDEF02524860200EF9DB7 /* Build configuration list for PBXNativeTarget "streaming" */;
			buildPhases = (
				255DDED8252485FC00EF9DB7 /* Sources */,
				255DDED9252485FC00EF9DB7 /* Frameworks */,
				255DDEDA252485FC00EF9DB7 /* Resources */,
			);
			buildRules = (
			);
			dependencies = (
			);
			name = streaming;
			productName = streaming;
			productReference = 255DDEDC252485FC00EF9DB7 /* streaming.app */;
			productType = "com.apple.product-type.application";
		};
/* End PBXNativeTarget section */

/* Begin PBXProject section */
		255DDED4252485FC00EF9DB7 /* Project object */ = {
			isa = PBXProject;
			attributes = {
				LastSwiftUpdateCheck = 1130;
				LastUpgradeCheck = 1130;
				ORGANIZATIONNAME = quacklabs;
				TargetAttributes = {
					255DDEDB252485FC00EF9DB7 = {
						CreatedOnToolsVersion = 11.3.1;
					};
				};
			};
			buildConfigurationList = 255DDED7252485FC00EF9DB7 /* Build configuration list for PBXProject "streaming" */;
			compatibilityVersion = "Xcode 9.3";
			developmentRegion = en;
			hasScannedForEncodings = 0;
			knownRegions = (
				en,
				Base,
			);
			mainGroup = 255DDED3252485FC00EF9DB7;
			productRefGroup = 255DDEDD252485FC00EF9DB7 /* Products */;
			projectDirPath = "";
			projectRoot = "";
			targets = (
				255DDEDB252485FC00EF9DB7 /* streaming */,
			);
		};
/* End PBXProject section */

/* Begin PBXResourcesBuildPhase section */
		255DDEDA252485FC00EF9DB7 /* Resources */ = {
			isa = PBXResourcesBuildPhase;
			buildActionMask = 2147483647;
			files = (
				255DDF1C2524BFCC00EF9DB7 /* Roboto-Regular.ttf in Resources */,
				255DDEEC2524860200EF9DB7 /* LaunchScreen.storyboard in Resources */,
				255DDEE92524860200EF9DB7 /* Assets.xcassets in Resources */,
			);
			runOnlyForDeploymentPostprocessing = 0;
		};
/* End PBXResourcesBuildPhase section */

/* Begin PBXSourcesBuildPhase section */
		255DDED8252485FC00EF9DB7 /* Sources */ = {
			isa = PBXSourcesBuildPhase;
			buildActionMask = 2147483647;
			files = (
				255DDF172524B6BD00EF9DB7 /* UIView+Extensions.swift in Sources */,
				255DDF022524903000EF9DB7 /* Menu.swift in Sources */,
				255DDF09252497A500EF9DB7 /* TabMenuItem.swift in Sources */,
				255DDF0B2524AE5100EF9DB7 /* SearchViewController.swift in Sources */,
				255DDF132524B0CB00EF9DB7 /* ConnectViewController.swift in Sources */,
				255DDF0025248ECE00EF9DB7 /* String+Extensions.swift in Sources */,
				255DDF0D2524AE8C00EF9DB7 /* UIViewController+Extensions.swift in Sources */,
				255DDF0F2524B01B00EF9DB7 /* HomeViewController.swift in Sources */,
				255DDF152524B12000EF9DB7 /* MyMusicViewController.swift in Sources */,
				255DDEE0252485FC00EF9DB7 /* AppDelegate.swift in Sources */,
				255DDEFE25248E5900EF9DB7 /* Colors.swift in Sources */,
				255DDF112524B0A200EF9DB7 /* DiscoverViewController.swift in Sources */,
				255DDF192524BCEB00EF9DB7 /* UIImage+Extensions.swift in Sources */,
				255DDEF925248C0500EF9DB7 /* Navigation.swift in Sources */,
				255DDEFC25248C3D00EF9DB7 /* TabMenu.swift in Sources */,
			);
			runOnlyForDeploymentPostprocessing = 0;
		};
/* End PBXSourcesBuildPhase section */

/* Begin PBXVariantGroup section */
		255DDEEA2524860200EF9DB7 /* LaunchScreen.storyboard */ = {
			isa = PBXVariantGroup;
			children = (
				255DDEEB2524860200EF9DB7 /* Base */,
			);
			name = LaunchScreen.storyboard;
			sourceTree = "<group>";
		};
/* End PBXVariantGroup section */

/* Begin XCBuildConfiguration section */
		255DDEEE2524860200EF9DB7 /* Debug */ = {
			isa = XCBuildConfiguration;
			buildSettings = {
				ALWAYS_SEARCH_USER_PATHS = NO;
				CLANG_ANALYZER_NONNULL = YES;
				CLANG_ANALYZER_NUMBER_OBJECT_CONVERSION = YES_AGGRESSIVE;
				CLANG_CXX_LANGUAGE_STANDARD = "gnu++14";
				CLANG_CXX_LIBRARY = "libc++";
				CLANG_ENABLE_MODULES = YES;
				CLANG_ENABLE_OBJC_ARC = YES;
				CLANG_ENABLE_OBJC_WEAK = YES;
				CLANG_WARN_BLOCK_CAPTURE_AUTORELEASING = YES;
				CLANG_WARN_BOOL_CONVERSION = YES;
				CLANG_WARN_COMMA = YES;
				CLANG_WARN_CONSTANT_CONVERSION = YES;
				CLANG_WARN_DEPRECATED_OBJC_IMPLEMENTATIONS = YES;
				CLANG_WARN_DIRECT_OBJC_ISA_USAGE = YES_ERROR;
				CLANG_WARN_DOCUMENTATION_COMMENTS = YES;
				CLANG_WARN_EMPTY_BODY = YES;
				CLANG_WARN_ENUM_CONVERSION = YES;
				CLANG_WARN_INFINITE_RECURSION = YES;
				CLANG_WARN_INT_CONVERSION = YES;
				CLANG_WARN_NON_LITERAL_NULL_CONVERSION = YES;
				CLANG_WARN_OBJC_IMPLICIT_RETAIN_SELF = YES;
				CLANG_WARN_OBJC_LITERAL_CONVERSION = YES;
				CLANG_WARN_OBJC_ROOT_CLASS = YES_ERROR;
				CLANG_WARN_RANGE_LOOP_ANALYSIS = YES;
				CLANG_WARN_STRICT_PROTOTYPES = YES;
				CLANG_WARN_SUSPICIOUS_MOVE = YES;
				CLANG_WARN_UNGUARDED_AVAILABILITY = YES_AGGRESSIVE;
				CLANG_WARN_UNREACHABLE_CODE = YES;
				CLANG_WARN__DUPLICATE_METHOD_MATCH = YES;
				COPY_PHASE_STRIP = NO;
				DEBUG_INFORMATION_FORMAT = dwarf;
				ENABLE_STRICT_OBJC_MSGSEND = YES;
				ENABLE_TESTABILITY = YES;
				GCC_C_LANGUAGE_STANDARD = gnu11;
				GCC_DYNAMIC_NO_PIC = NO;
				GCC_NO_COMMON_BLOCKS = YES;
				GCC_OPTIMIZATION_LEVEL = 0;
				GCC_PREPROCESSOR_DEFINITIONS = (
					"DEBUG=1",
					"$(inherited)",
				);
				GCC_WARN_64_TO_32_BIT_CONVERSION = YES;
				GCC_WARN_ABOUT_RETURN_TYPE = YES_ERROR;
				GCC_WARN_UNDECLARED_SELECTOR = YES;
				GCC_WARN_UNINITIALIZED_AUTOS = YES_AGGRESSIVE;
				GCC_WARN_UNUSED_FUNCTION = YES;
				GCC_WARN_UNUSED_VARIABLE = YES;
				IPHONEOS_DEPLOYMENT_TARGET = 13.2;
				MTL_ENABLE_DEBUG_INFO = INCLUDE_SOURCE;
				MTL_FAST_MATH = YES;
				ONLY_ACTIVE_ARCH = YES;
				SDKROOT = iphoneos;
				SWIFT_ACTIVE_COMPILATION_CONDITIONS = DEBUG;
				SWIFT_OPTIMIZATION_LEVEL = "-Onone";
			};
			name = Debug;
		};
		255DDEEF2524860200EF9DB7 /* Release */ = {
			isa = XCBuildConfiguration;
			buildSettings = {
				ALWAYS_SEARCH_USER_PATHS = NO;
				CLANG_ANALYZER_NONNULL = YES;
				CLANG_ANALYZER_NUMBER_OBJECT_CONVERSION = YES_AGGRESSIVE;
				CLANG_CXX_LANGUAGE_STANDARD = "gnu++14";
				CLANG_CXX_LIBRARY = "libc++";
				CLANG_ENABLE_MODULES = YES;
				CLANG_ENABLE_OBJC_ARC = YES;
				CLANG_ENABLE_OBJC_WEAK = YES;
				CLANG_WARN_BLOCK_CAPTURE_AUTORELEASING = YES;
				CLANG_WARN_BOOL_CONVERSION = YES;
				CLANG_WARN_COMMA = YES;
				CLANG_WARN_CONSTANT_CONVERSION = YES;
				CLANG_WARN_DEPRECATED_OBJC_IMPLEMENTATIONS = YES;
				CLANG_WARN_DIRECT_OBJC_ISA_USAGE = YES_ERROR;
				CLANG_WARN_DOCUMENTATION_COMMENTS = YES;
				CLANG_WARN_EMPTY_BODY = YES;
				CLANG_WARN_ENUM_CONVERSION = YES;
				CLANG_WARN_INFINITE_RECURSION = YES;
				CLANG_WARN_INT_CONVERSION = YES;
				CLANG_WARN_NON_LITERAL_NULL_CONVERSION = YES;
				CLANG_WARN_OBJC_IMPLICIT_RETAIN_SELF = YES;
				CLANG_WARN_OBJC_LITERAL_CONVERSION = YES;
				CLANG_WARN_OBJC_ROOT_CLASS = YES_ERROR;
				CLANG_WARN_RANGE_LOOP_ANALYSIS = YES;
				CLANG_WARN_STRICT_PROTOTYPES = YES;
				CLANG_WARN_SUSPICIOUS_MOVE = YES;
				CLANG_WARN_UNGUARDED_AVAILABILITY = YES_AGGRESSIVE;
				CLANG_WARN_UNREACHABLE_CODE = YES;
				CLANG_WARN__DUPLICATE_METHOD_MATCH = YES;
				COPY_PHASE_STRIP = NO;
				DEBUG_INFORMATION_FORMAT = "dwarf-with-dsym";
				ENABLE_NS_ASSERTIONS = NO;
				ENABLE_STRICT_OBJC_MSGSEND = YES;
				GCC_C_LANGUAGE_STANDARD = gnu11;
				GCC_NO_COMMON_BLOCKS = YES;
				GCC_WARN_64_TO_32_BIT_CONVERSION = YES;
				GCC_WARN_ABOUT_RETURN_TYPE = YES_ERROR;
				GCC_WARN_UNDECLARED_SELECTOR = YES;
				GCC_WARN_UNINITIALIZED_AUTOS = YES_AGGRESSIVE;
				GCC_WARN_UNUSED_FUNCTION = YES;
				GCC_WARN_UNUSED_VARIABLE = YES;
				IPHONEOS_DEPLOYMENT_TARGET = 13.2;
				MTL_ENABLE_DEBUG_INFO = NO;
				MTL_FAST_MATH = YES;
				SDKROOT = iphoneos;
				SWIFT_COMPILATION_MODE = wholemodule;
				SWIFT_OPTIMIZATION_LEVEL = "-O";
				VALIDATE_PRODUCT = YES;
			};
			name = Release;
		};
		255DDEF12524860200EF9DB7 /* Debug */ = {
			isa = XCBuildConfiguration;
			buildSettings = {
				ASSETCATALOG_COMPILER_APPICON_NAME = AppIcon;
				CODE_SIGN_STYLE = Automatic;
				DEVELOPMENT_TEAM = 22FN4D2YAD;
				INFOPLIST_FILE = streaming/Info.plist;
				LD_RUNPATH_SEARCH_PATHS = (
					"$(inherited)",
					"@executable_path/Frameworks",
				);
				PRODUCT_BUNDLE_IDENTIFIER = com.markboleigha.streaming;
				PRODUCT_NAME = "$(TARGET_NAME)";
				SWIFT_VERSION = 5.0;
				TARGETED_DEVICE_FAMILY = "1,2";
			};
			name = Debug;
		};
		255DDEF22524860200EF9DB7 /* Release */ = {
			isa = XCBuildConfiguration;
			buildSettings = {
				ASSETCATALOG_COMPILER_APPICON_NAME = AppIcon;
				CODE_SIGN_STYLE = Automatic;
				DEVELOPMENT_TEAM = 22FN4D2YAD;
				INFOPLIST_FILE = streaming/Info.plist;
				LD_RUNPATH_SEARCH_PATHS = (
					"$(inherited)",
					"@executable_path/Frameworks",
				);
				PRODUCT_BUNDLE_IDENTIFIER = com.markboleigha.streaming;
				PRODUCT_NAME = "$(TARGET_NAME)";
				SWIFT_VERSION = 5.0;
				TARGETED_DEVICE_FAMILY = "1,2";
			};
			name = Release;
		};
/* End XCBuildConfiguration section */

/* Begin XCConfigurationList section */
		255DDED7252485FC00EF9DB7 /* Build configuration list for PBXProject "streaming" */ = {
			isa = XCConfigurationList;
			buildConfigurations = (
				255DDEEE2524860200EF9DB7 /* Debug */,
				255DDEEF2524860200EF9DB7 /* Release */,
			);
			defaultConfigurationIsVisible = 0;
			defaultConfigurationName = Release;
		};
		255DDEF02524860200EF9DB7 /* Build configuration list for PBXNativeTarget "streaming" */ = {
			isa = XCConfigurationList;
			buildConfigurations = (
				255DDEF12524860200EF9DB7 /* Debug */,
				255DDEF22524860200EF9DB7 /* Release */,
			);
			defaultConfigurationIsVisible = 0;
			defaultConfigurationName = Release;
		};
/* End XCConfigurationList section */
	};
	rootObject = 255DDED4252485FC00EF9DB7 /* Project object */;
}
